<?xml version="1.0" encoding="utf-8"?>
<Project ToolsVersion="4.0" xmlns="http://schemas.microsoft.com/developer/msbuild/2003">
  <ItemGroup>
    <ClCompile Include="src\ofApp.cpp">
      <Filter>src</Filter>
    </ClCompile>
    <ClCompile Include="src\main.cpp">
      <Filter>src</Filter>
    </ClCompile>
    <ClCompile Include="..\..\..\..\OpenFrameworks\addons\ofxGui\src\ofxBaseGui.cpp">
      <Filter>addons\ofxGui\src</Filter>
    </ClCompile>
    <ClCompile Include="..\..\..\..\OpenFrameworks\addons\ofxGui\src\ofxButton.cpp">
      <Filter>addons\ofxGui\src</Filter>
    </ClCompile>
    <ClCompile Include="..\..\..\..\OpenFrameworks\addons\ofxGui\src\ofxColorPicker.cpp">
      <Filter>addons\ofxGui\src</Filter>
    </ClCompile>
    <ClCompile Include="..\..\..\..\OpenFrameworks\addons\ofxGui\src\ofxGuiGroup.cpp">
      <Filter>addons\ofxGui\src</Filter>
    </ClCompile>
    <ClCompile Include="..\..\..\..\OpenFrameworks\addons\ofxGui\src\ofxInputField.cpp">
      <Filter>addons\ofxGui\src</Filter>
    </ClCompile>
    <ClCompile Include="..\..\..\..\OpenFrameworks\addons\ofxGui\src\ofxLabel.cpp">
      <Filter>addons\ofxGui\src</Filter>
    </ClCompile>
    <ClCompile Include="..\..\..\..\OpenFrameworks\addons\ofxGui\src\ofxPanel.cpp">
      <Filter>addons\ofxGui\src</Filter>
    </ClCompile>
    <ClCompile Include="..\..\..\..\OpenFrameworks\addons\ofxGui\src\ofxSlider.cpp">
      <Filter>addons\ofxGui\src</Filter>
    </ClCompile>
    <ClCompile Include="..\..\..\..\OpenFrameworks\addons\ofxGui\src\ofxSliderGroup.cpp">
      <Filter>addons\ofxGui\src</Filter>
    </ClCompile>
    <ClCompile Include="..\..\..\..\OpenFrameworks\addons\ofxGui\src\ofxToggle.cpp">
      <Filter>addons\ofxGui\src</Filter>
    </ClCompile>
    <ClCompile Include="..\..\..\..\OpenFrameworks\addons\ofxOpenCv\src\ofxCvColorImage.cpp">
      <Filter>addons\ofxOpenCv\src</Filter>
    </ClCompile>
    <ClCompile Include="..\..\..\..\OpenFrameworks\addons\ofxOpenCv\src\ofxCvContourFinder.cpp">
      <Filter>addons\ofxOpenCv\src</Filter>
    </ClCompile>
    <ClCompile Include="..\..\..\..\OpenFrameworks\addons\ofxOpenCv\src\ofxCvFloatImage.cpp">
      <Filter>addons\ofxOpenCv\src</Filter>
    </ClCompile>
    <ClCompile Include="..\..\..\..\OpenFrameworks\addons\ofxOpenCv\src\ofxCvGrayscaleImage.cpp">
      <Filter>addons\ofxOpenCv\src</Filter>
    </ClCompile>
    <ClCompile Include="..\..\..\..\OpenFrameworks\addons\ofxOpenCv\src\ofxCvHaarFinder.cpp">
      <Filter>addons\ofxOpenCv\src</Filter>
    </ClCompile>
    <ClCompile Include="..\..\..\..\OpenFrameworks\addons\ofxOpenCv\src\ofxCvImage.cpp">
      <Filter>addons\ofxOpenCv\src</Filter>
    </ClCompile>
    <ClCompile Include="..\..\..\..\OpenFrameworks\addons\ofxOpenCv\src\ofxCvShortImage.cpp">
      <Filter>addons\ofxOpenCv\src</Filter>
    </ClCompile>
  </ItemGroup>
  <ItemGroup>
    <Filter Include="src">
      <UniqueIdentifier>{d8376475-7454-4a24-b08a-aac121d3ad6f}</UniqueIdentifier>
    </Filter>
    <Filter Include="addons">
      <UniqueIdentifier>{ecf6b70a-f077-47ab-b78e-b779641962f4}</UniqueIdentifier>
    </Filter>
    <Filter Include="addons\ofxGui">
      <UniqueIdentifier>{e7ad400d-f9f1-42b7-a1b5-768dc9208883}</UniqueIdentifier>
    </Filter>
    <Filter Include="addons\ofxGui\src">
      <UniqueIdentifier>{98c1c7cf-e130-49af-a10c-cf279b3e2d51}</UniqueIdentifier>
    </Filter>
    <Filter Include="addons\ofxOpenCv">
      <UniqueIdentifier>{8fe8a059-3906-424f-af7f-98ea42ee6b5d}</UniqueIdentifier>
    </Filter>
    <Filter Include="addons\ofxOpenCv\src">
      <UniqueIdentifier>{85b32397-2d43-42f7-a19b-b392d97a9b0a}</UniqueIdentifier>
    </Filter>
    <Filter Include="addons\ofxOpenCv\libs">
      <UniqueIdentifier>{805005c3-11a4-4237-9aae-cb673bf1d3f5}</UniqueIdentifier>
    </Filter>
    <Filter Include="addons\ofxOpenCv\libs\ippicv">
      <UniqueIdentifier>{b1a355c8-03f3-406e-b1e7-5dd04200a623}</UniqueIdentifier>
    </Filter>
    <Filter Include="addons\ofxOpenCv\libs\ippicv\include">
      <UniqueIdentifier>{22a50eb3-0842-41e7-85eb-8fb50edb94ca}</UniqueIdentifier>
    </Filter>
    <Filter Include="addons\ofxOpenCv\libs\opencv">
      <UniqueIdentifier>{6f6c8877-510e-45c4-bc81-4e197ba99b99}</UniqueIdentifier>
    </Filter>
    <Filter Include="addons\ofxOpenCv\libs\opencv\include">
      <UniqueIdentifier>{ba96b0c1-7f1e-42b1-9874-a6fbfc3cb2fb}</UniqueIdentifier>
    </Filter>
    <Filter Include="addons\ofxOpenCv\libs\opencv\include\opencv2">
      <UniqueIdentifier>{a67a2051-6bae-4273-be9c-777029c2b390}</UniqueIdentifier>
    </Filter>
    <Filter Include="addons\ofxOpenCv\libs\opencv\include\opencv2\calib3d">
      <UniqueIdentifier>{fc194715-7136-46cd-ad00-2975dddf1d67}</UniqueIdentifier>
    </Filter>
    <Filter Include="addons\ofxOpenCv\libs\opencv\include\opencv2\core">
      <UniqueIdentifier>{5eb7299d-aca5-46ec-818e-5d2fcb187327}</UniqueIdentifier>
    </Filter>
    <Filter Include="addons\ofxOpenCv\libs\opencv\include\opencv2\core\cuda">
      <UniqueIdentifier>{87dbd1ca-60e6-4fc2-a460-8b1f14a66657}</UniqueIdentifier>
    </Filter>
    <Filter Include="addons\ofxOpenCv\libs\opencv\include\opencv2\core\cuda\detail">
      <UniqueIdentifier>{90d200d9-1a09-4baa-86b5-15ee0a70f011}</UniqueIdentifier>
    </Filter>
    <Filter Include="addons\ofxOpenCv\libs\opencv\include\opencv2\core\hal">
      <UniqueIdentifier>{7d01670a-15a9-41cb-a21d-e1a8a7cd67b1}</UniqueIdentifier>
    </Filter>
    <Filter Include="addons\ofxOpenCv\libs\opencv\include\opencv2\core\opencl">
      <UniqueIdentifier>{7f3c9653-dc3e-4d9c-9362-e71567346139}</UniqueIdentifier>
    </Filter>
    <Filter Include="addons\ofxOpenCv\libs\opencv\include\opencv2\core\opencl\runtime">
      <UniqueIdentifier>{e4a45c43-415b-446b-a23d-7388f64fd0d0}</UniqueIdentifier>
    </Filter>
    <Filter Include="addons\ofxOpenCv\libs\opencv\include\opencv2\core\opencl\runtime\autogenerated">
      <UniqueIdentifier>{e2bc3a41-aff3-4d6c-b30e-4c491be88307}</UniqueIdentifier>
    </Filter>
    <Filter Include="addons\ofxOpenCv\libs\opencv\include\opencv2\core\openvx">
      <UniqueIdentifier>{8068ef20-2140-4c58-81d9-defa1d7d9071}</UniqueIdentifier>
    </Filter>
    <Filter Include="addons\ofxOpenCv\libs\opencv\include\opencv2\core\private">
      <UniqueIdentifier>{6163682f-92af-4a2f-822d-ff8135e818dd}</UniqueIdentifier>
    </Filter>
    <Filter Include="addons\ofxOpenCv\libs\opencv\include\opencv2\core\utils">
      <UniqueIdentifier>{cc5b66e6-7337-426b-8d4b-1d18d7fd25f5}</UniqueIdentifier>
    </Filter>
    <Filter Include="addons\ofxOpenCv\libs\opencv\include\opencv2\dnn">
      <UniqueIdentifier>{f5dce640-e92b-49e4-8d82-d1663e7037bc}</UniqueIdentifier>
    </Filter>
    <Filter Include="addons\ofxOpenCv\libs\opencv\include\opencv2\features2d">
      <UniqueIdentifier>{4ec8ee97-ffe2-4161-96d2-a0a012c7557f}</UniqueIdentifier>
    </Filter>
    <Filter Include="addons\ofxOpenCv\libs\opencv\include\opencv2\features2d\hal">
      <UniqueIdentifier>{11a1a646-d82c-4a01-9d54-3339133f374f}</UniqueIdentifier>
    </Filter>
    <Filter Include="addons\ofxOpenCv\libs\opencv\include\opencv2\flann">
      <UniqueIdentifier>{2f63447f-aadb-419b-919a-86b6ef39b88c}</UniqueIdentifier>
    </Filter>
    <Filter Include="addons\ofxOpenCv\libs\opencv\include\opencv2\gapi">
      <UniqueIdentifier>{533ca333-4b7c-4492-8e2f-b8a6e8a2b525}</UniqueIdentifier>
    </Filter>
    <Filter Include="addons\ofxOpenCv\libs\opencv\include\opencv2\gapi\cpu">
      <UniqueIdentifier>{3f0c4998-d2bb-4dfe-9c4f-1a0e91a28f46}</UniqueIdentifier>
    </Filter>
    <Filter Include="addons\ofxOpenCv\libs\opencv\include\opencv2\gapi\fluid">
      <UniqueIdentifier>{0118ebd7-5785-44e7-bd73-546635efb1ba}</UniqueIdentifier>
    </Filter>
    <Filter Include="addons\ofxOpenCv\libs\opencv\include\opencv2\gapi\gpu">
      <UniqueIdentifier>{115628c4-4734-467a-8e2d-e77c10107adb}</UniqueIdentifier>
    </Filter>
    <Filter Include="addons\ofxOpenCv\libs\opencv\include\opencv2\gapi\ocl">
      <UniqueIdentifier>{6d594ba7-6943-4030-ae29-b989d524aef9}</UniqueIdentifier>
    </Filter>
    <Filter Include="addons\ofxOpenCv\libs\opencv\include\opencv2\gapi\own">
      <UniqueIdentifier>{adf23898-8d38-467d-8f7d-07fac11dd7a4}</UniqueIdentifier>
    </Filter>
    <Filter Include="addons\ofxOpenCv\libs\opencv\include\opencv2\gapi\util">
      <UniqueIdentifier>{58ef13ee-5023-4604-81ed-4d40b8bfd170}</UniqueIdentifier>
    </Filter>
    <Filter Include="addons\ofxOpenCv\libs\opencv\include\opencv2\highgui">
      <UniqueIdentifier>{cd981674-887c-4190-88c7-10c7020b0e29}</UniqueIdentifier>
    </Filter>
    <Filter Include="addons\ofxOpenCv\libs\opencv\include\opencv2\imgcodecs">
      <UniqueIdentifier>{d8e085ad-48d9-4e35-b821-f3516357ff58}</UniqueIdentifier>
    </Filter>
    <Filter Include="addons\ofxOpenCv\libs\opencv\include\opencv2\imgcodecs\legacy">
      <UniqueIdentifier>{2845d1ba-180c-40cf-8c75-a73b296f805d}</UniqueIdentifier>
    </Filter>
    <Filter Include="addons\ofxOpenCv\libs\opencv\include\opencv2\imgproc">
      <UniqueIdentifier>{91169435-5728-442d-ac66-24f4059dd1a2}</UniqueIdentifier>
    </Filter>
    <Filter Include="addons\ofxOpenCv\libs\opencv\include\opencv2\imgproc\detail">
      <UniqueIdentifier>{b60d4dcf-b05a-4a0a-9ffe-06a05d275cda}</UniqueIdentifier>
    </Filter>
    <Filter Include="addons\ofxOpenCv\libs\opencv\include\opencv2\imgproc\hal">
      <UniqueIdentifier>{f6f5c254-42d5-48ae-adc4-23e6bc451ff2}</UniqueIdentifier>
    </Filter>
    <Filter Include="addons\ofxOpenCv\libs\opencv\include\opencv2\ml">
      <UniqueIdentifier>{50355658-6741-418f-8e36-0e3c4086b802}</UniqueIdentifier>
    </Filter>
    <Filter Include="addons\ofxOpenCv\libs\opencv\include\opencv2\objdetect">
      <UniqueIdentifier>{a4d617cc-ac10-4bd9-ae49-643a67c62c7c}</UniqueIdentifier>
    </Filter>
    <Filter Include="addons\ofxOpenCv\libs\opencv\include\opencv2\photo">
      <UniqueIdentifier>{bd6d7c71-c76d-444c-94df-227fd6fd8cfd}</UniqueIdentifier>
    </Filter>
    <Filter Include="addons\ofxOpenCv\libs\opencv\include\opencv2\photo\legacy">
      <UniqueIdentifier>{56c620e2-0bc4-4549-a6d5-be1d53ab5b80}</UniqueIdentifier>
    </Filter>
    <Filter Include="addons\ofxOpenCv\libs\opencv\include\opencv2\stitching">
      <UniqueIdentifier>{c35bec23-ed2e-4f45-bad6-a17426a920fe}</UniqueIdentifier>
    </Filter>
    <Filter Include="addons\ofxOpenCv\libs\opencv\include\opencv2\stitching\detail">
      <UniqueIdentifier>{fce0d5ca-0227-42ef-813b-01281d18357c}</UniqueIdentifier>
    </Filter>
    <Filter Include="addons\ofxOpenCv\libs\opencv\include\opencv2\ts">
      <UniqueIdentifier>{45002f35-eba9-49c3-b2cc-9ce2956459a5}</UniqueIdentifier>
    </Filter>
    <Filter Include="addons\ofxOpenCv\libs\opencv\include\opencv2\video">
      <UniqueIdentifier>{3a724d4e-fb02-44a2-aee3-ecafde508195}</UniqueIdentifier>
    </Filter>
    <Filter Include="addons\ofxOpenCv\libs\opencv\include\opencv2\video\legacy">
      <UniqueIdentifier>{13bdf9d8-1479-4ab8-8fd2-bcf715392761}</UniqueIdentifier>
    </Filter>
    <Filter Include="addons\ofxOpenCv\libs\opencv\include\opencv2\videoio">
      <UniqueIdentifier>{20e676bc-24b0-472e-a1e2-7409510a6897}</UniqueIdentifier>
    </Filter>
    <Filter Include="addons\ofxOpenCv\libs\opencv\include\opencv2\videoio\legacy">
      <UniqueIdentifier>{b2f552ac-c8c9-499f-9849-24d240fcc470}</UniqueIdentifier>
    </Filter>
  </ItemGroup>
  <ItemGroup>
    <ClInclude Include="src\ofApp.h">
      <Filter>src</Filter>
    </ClInclude>
    <ClInclude Include="..\..\..\..\OpenFrameworks\addons\ofxGui\src\ofxBaseGui.h">
      <Filter>addons\ofxGui\src</Filter>
    </ClInclude>
    <ClInclude Include="..\..\..\..\OpenFrameworks\addons\ofxGui\src\ofxButton.h">
      <Filter>addons\ofxGui\src</Filter>
    </ClInclude>
    <ClInclude Include="..\..\..\..\OpenFrameworks\addons\ofxGui\src\ofxColorPicker.h">
      <Filter>addons\ofxGui\src</Filter>
    </ClInclude>
    <ClInclude Include="..\..\..\..\OpenFrameworks\addons\ofxGui\src\ofxGui.h">
      <Filter>addons\ofxGui\src</Filter>
    </ClInclude>
    <ClInclude Include="..\..\..\..\OpenFrameworks\addons\ofxGui\src\ofxGuiGroup.h">
      <Filter>addons\ofxGui\src</Filter>
    </ClInclude>
    <ClInclude Include="..\..\..\..\OpenFrameworks\addons\ofxGui\src\ofxGuiUtils.h">
      <Filter>addons\ofxGui\src</Filter>
    </ClInclude>
    <ClInclude Include="..\..\..\..\OpenFrameworks\addons\ofxGui\src\ofxInputField.h">
      <Filter>addons\ofxGui\src</Filter>
    </ClInclude>
    <ClInclude Include="..\..\..\..\OpenFrameworks\addons\ofxGui\src\ofxLabel.h">
      <Filter>addons\ofxGui\src</Filter>
    </ClInclude>
    <ClInclude Include="..\..\..\..\OpenFrameworks\addons\ofxGui\src\ofxPanel.h">
      <Filter>addons\ofxGui\src</Filter>
    </ClInclude>
    <ClInclude Include="..\..\..\..\OpenFrameworks\addons\ofxGui\src\ofxSlider.h">
      <Filter>addons\ofxGui\src</Filter>
    </ClInclude>
    <ClInclude Include="..\..\..\..\OpenFrameworks\addons\ofxGui\src\ofxSliderGroup.h">
      <Filter>addons\ofxGui\src</Filter>
    </ClInclude>
    <ClInclude Include="..\..\..\..\OpenFrameworks\addons\ofxGui\src\ofxToggle.h">
      <Filter>addons\ofxGui\src</Filter>
    </ClInclude>
    <ClInclude Include="..\..\..\..\OpenFrameworks\addons\ofxOpenCv\src\ofxCvBlob.h">
      <Filter>addons\ofxOpenCv\src</Filter>
    </ClInclude>
    <ClInclude Include="..\..\..\..\OpenFrameworks\addons\ofxOpenCv\src\ofxCvColorImage.h">
      <Filter>addons\ofxOpenCv\src</Filter>
    </ClInclude>
    <ClInclude Include="..\..\..\..\OpenFrameworks\addons\ofxOpenCv\src\ofxCvConstants.h">
      <Filter>addons\ofxOpenCv\src</Filter>
    </ClInclude>
    <ClInclude Include="..\..\..\..\OpenFrameworks\addons\ofxOpenCv\src\ofxCvContourFinder.h">
      <Filter>addons\ofxOpenCv\src</Filter>
    </ClInclude>
    <ClInclude Include="..\..\..\..\OpenFrameworks\addons\ofxOpenCv\src\ofxCvFloatImage.h">
      <Filter>addons\ofxOpenCv\src</Filter>
    </ClInclude>
    <ClInclude Include="..\..\..\..\OpenFrameworks\addons\ofxOpenCv\src\ofxCvGrayscaleImage.h">
      <Filter>addons\ofxOpenCv\src</Filter>
    </ClInclude>
    <ClInclude Include="..\..\..\..\OpenFrameworks\addons\ofxOpenCv\src\ofxCvHaarFinder.h">
      <Filter>addons\ofxOpenCv\src</Filter>
    </ClInclude>
    <ClInclude Include="..\..\..\..\OpenFrameworks\addons\ofxOpenCv\src\ofxCvImage.h">
      <Filter>addons\ofxOpenCv\src</Filter>
    </ClInclude>
    <ClInclude Include="..\..\..\..\OpenFrameworks\addons\ofxOpenCv\src\ofxCvShortImage.h">
      <Filter>addons\ofxOpenCv\src</Filter>
    </ClInclude>
    <ClInclude Include="..\..\..\..\OpenFrameworks\addons\ofxOpenCv\src\ofxOpenCv.h">
      <Filter>addons\ofxOpenCv\src</Filter>
    </ClInclude>
    <ClInclude Include="..\..\..\..\OpenFrameworks\addons\ofxOpenCv\libs\ippicv\include\ippicv.h">
      <Filter>addons\ofxOpenCv\libs\ippicv\include</Filter>
    </ClInclude>
    <ClInclude Include="..\..\..\..\OpenFrameworks\addons\ofxOpenCv\libs\ippicv\include\ippicv_base.h">
      <Filter>addons\ofxOpenCv\libs\ippicv\include</Filter>
    </ClInclude>
    <ClInclude Include="..\..\..\..\OpenFrameworks\addons\ofxOpenCv\libs\ippicv\include\ippicv_defs.h">
      <Filter>addons\ofxOpenCv\libs\ippicv\include</Filter>
    </ClInclude>
    <ClInclude Include="..\..\..\..\OpenFrameworks\addons\ofxOpenCv\libs\ippicv\include\ippicv_defs_l.h">
      <Filter>addons\ofxOpenCv\libs\ippicv\include</Filter>
    </ClInclude>
    <ClInclude Include="..\..\..\..\OpenFrameworks\addons\ofxOpenCv\libs\ippicv\include\ippicv_l.h">
      <Filter>addons\ofxOpenCv\libs\ippicv\include</Filter>
    </ClInclude>
    <ClInclude Include="..\..\..\..\OpenFrameworks\addons\ofxOpenCv\libs\ippicv\include\ippicv_redefs.h">
      <Filter>addons\ofxOpenCv\libs\ippicv\include</Filter>
    </ClInclude>
    <ClInclude Include="..\..\..\..\OpenFrameworks\addons\ofxOpenCv\libs\ippicv\include\ippicv_types.h">
      <Filter>addons\ofxOpenCv\libs\ippicv\include</Filter>
    </ClInclude>
    <ClInclude Include="..\..\..\..\OpenFrameworks\addons\ofxOpenCv\libs\ippicv\include\ippicv_types_l.h">
      <Filter>addons\ofxOpenCv\libs\ippicv\include</Filter>
    </ClInclude>
    <ClInclude Include="..\..\..\..\OpenFrameworks\addons\ofxOpenCv\libs\ippicv\include\ippversion.h">
      <Filter>addons\ofxOpenCv\libs\ippicv\include</Filter>
    </ClInclude>
    <ClInclude Include="..\..\..\..\OpenFrameworks\addons\ofxOpenCv\libs\opencv\include\opencv2\cvconfig.h">
      <Filter>addons\ofxOpenCv\libs\opencv\include\opencv2</Filter>
    </ClInclude>
    <ClInclude Include="..\..\..\..\OpenFrameworks\addons\ofxOpenCv\libs\opencv\include\opencv2\calib3d.hpp">
      <Filter>addons\ofxOpenCv\libs\opencv\include\opencv2</Filter>
    </ClInclude>
    <ClInclude Include="..\..\..\..\OpenFrameworks\addons\ofxOpenCv\libs\opencv\include\opencv2\core.hpp">
      <Filter>addons\ofxOpenCv\libs\opencv\include\opencv2</Filter>
    </ClInclude>
    <ClInclude Include="..\..\..\..\OpenFrameworks\addons\ofxOpenCv\libs\opencv\include\opencv2\dnn.hpp">
      <Filter>addons\ofxOpenCv\libs\opencv\include\opencv2</Filter>
    </ClInclude>
    <ClInclude Include="..\..\..\..\OpenFrameworks\addons\ofxOpenCv\libs\opencv\include\opencv2\features2d.hpp">
      <Filter>addons\ofxOpenCv\libs\opencv\include\opencv2</Filter>
    </ClInclude>
    <ClInclude Include="..\..\..\..\OpenFrameworks\addons\ofxOpenCv\libs\opencv\include\opencv2\flann.hpp">
      <Filter>addons\ofxOpenCv\libs\opencv\include\opencv2</Filter>
    </ClInclude>
    <ClInclude Include="..\..\..\..\OpenFrameworks\addons\ofxOpenCv\libs\opencv\include\opencv2\gapi.hpp">
      <Filter>addons\ofxOpenCv\libs\opencv\include\opencv2</Filter>
    </ClInclude>
    <ClInclude Include="..\..\..\..\OpenFrameworks\addons\ofxOpenCv\libs\opencv\include\opencv2\highgui.hpp">
      <Filter>addons\ofxOpenCv\libs\opencv\include\opencv2</Filter>
    </ClInclude>
    <ClInclude Include="..\..\..\..\OpenFrameworks\addons\ofxOpenCv\libs\opencv\include\opencv2\imgcodecs.hpp">
      <Filter>addons\ofxOpenCv\libs\opencv\include\opencv2</Filter>
    </ClInclude>
    <ClInclude Include="..\..\..\..\OpenFrameworks\addons\ofxOpenCv\libs\opencv\include\opencv2\imgproc.hpp">
      <Filter>addons\ofxOpenCv\libs\opencv\include\opencv2</Filter>
    </ClInclude>
    <ClInclude Include="..\..\..\..\OpenFrameworks\addons\ofxOpenCv\libs\opencv\include\opencv2\ml.hpp">
      <Filter>addons\ofxOpenCv\libs\opencv\include\opencv2</Filter>
    </ClInclude>
    <ClInclude Include="..\..\..\..\OpenFrameworks\addons\ofxOpenCv\libs\opencv\include\opencv2\objdetect.hpp">
      <Filter>addons\ofxOpenCv\libs\opencv\include\opencv2</Filter>
    </ClInclude>
    <ClInclude Include="..\..\..\..\OpenFrameworks\addons\ofxOpenCv\libs\opencv\include\opencv2\opencv.hpp">
      <Filter>addons\ofxOpenCv\libs\opencv\include\opencv2</Filter>
    </ClInclude>
    <ClInclude Include="..\..\..\..\OpenFrameworks\addons\ofxOpenCv\libs\opencv\include\opencv2\opencv_modules.hpp">
      <Filter>addons\ofxOpenCv\libs\opencv\include\opencv2</Filter>
    </ClInclude>
    <ClInclude Include="..\..\..\..\OpenFrameworks\addons\ofxOpenCv\libs\opencv\include\opencv2\photo.hpp">
      <Filter>addons\ofxOpenCv\libs\opencv\include\opencv2</Filter>
    </ClInclude>
    <ClInclude Include="..\..\..\..\OpenFrameworks\addons\ofxOpenCv\libs\opencv\include\opencv2\stitching.hpp">
      <Filter>addons\ofxOpenCv\libs\opencv\include\opencv2</Filter>
    </ClInclude>
    <ClInclude Include="..\..\..\..\OpenFrameworks\addons\ofxOpenCv\libs\opencv\include\opencv2\ts.hpp">
      <Filter>addons\ofxOpenCv\libs\opencv\include\opencv2</Filter>
    </ClInclude>
    <ClInclude Include="..\..\..\..\OpenFrameworks\addons\ofxOpenCv\libs\opencv\include\opencv2\video.hpp">
      <Filter>addons\ofxOpenCv\libs\opencv\include\opencv2</Filter>
    </ClInclude>
    <ClInclude Include="..\..\..\..\OpenFrameworks\addons\ofxOpenCv\libs\opencv\include\opencv2\videoio.hpp">
      <Filter>addons\ofxOpenCv\libs\opencv\include\opencv2</Filter>
    </ClInclude>
    <ClInclude Include="..\..\..\..\OpenFrameworks\addons\ofxOpenCv\libs\opencv\include\opencv2\world.hpp">
      <Filter>addons\ofxOpenCv\libs\opencv\include\opencv2</Filter>
    </ClInclude>
    <ClInclude Include="..\..\..\..\OpenFrameworks\addons\ofxOpenCv\libs\opencv\include\opencv2\calib3d\calib3d_c.h">
      <Filter>addons\ofxOpenCv\libs\opencv\include\opencv2\calib3d</Filter>
    </ClInclude>
    <ClInclude Include="..\..\..\..\OpenFrameworks\addons\ofxOpenCv\libs\opencv\include\opencv2\calib3d\calib3d.hpp">
      <Filter>addons\ofxOpenCv\libs\opencv\include\opencv2\calib3d</Filter>
    </ClInclude>
    <ClInclude Include="..\..\..\..\OpenFrameworks\addons\ofxOpenCv\libs\opencv\include\opencv2\core\core_c.h">
      <Filter>addons\ofxOpenCv\libs\opencv\include\opencv2\core</Filter>
    </ClInclude>
    <ClInclude Include="..\..\..\..\OpenFrameworks\addons\ofxOpenCv\libs\opencv\include\opencv2\core\cvdef.h">
      <Filter>addons\ofxOpenCv\libs\opencv\include\opencv2\core</Filter>
    </ClInclude>
    <ClInclude Include="..\..\..\..\OpenFrameworks\addons\ofxOpenCv\libs\opencv\include\opencv2\core\cv_cpu_dispatch.h">
      <Filter>addons\ofxOpenCv\libs\opencv\include\opencv2\core</Filter>
    </ClInclude>
    <ClInclude Include="..\..\..\..\OpenFrameworks\addons\ofxOpenCv\libs\opencv\include\opencv2\core\cv_cpu_helper.h">
      <Filter>addons\ofxOpenCv\libs\opencv\include\opencv2\core</Filter>
    </ClInclude>
    <ClInclude Include="..\..\..\..\OpenFrameworks\addons\ofxOpenCv\libs\opencv\include\opencv2\core\types_c.h">
      <Filter>addons\ofxOpenCv\libs\opencv\include\opencv2\core</Filter>
    </ClInclude>
    <ClInclude Include="..\..\..\..\OpenFrameworks\addons\ofxOpenCv\libs\opencv\include\opencv2\core\affine.hpp">
      <Filter>addons\ofxOpenCv\libs\opencv\include\opencv2\core</Filter>
    </ClInclude>
    <ClInclude Include="..\..\..\..\OpenFrameworks\addons\ofxOpenCv\libs\opencv\include\opencv2\core\base.hpp">
      <Filter>addons\ofxOpenCv\libs\opencv\include\opencv2\core</Filter>
    </ClInclude>
    <ClInclude Include="..\..\..\..\OpenFrameworks\addons\ofxOpenCv\libs\opencv\include\opencv2\core\bindings_utils.hpp">
      <Filter>addons\ofxOpenCv\libs\opencv\include\opencv2\core</Filter>
    </ClInclude>
    <ClInclude Include="..\..\..\..\OpenFrameworks\addons\ofxOpenCv\libs\opencv\include\opencv2\core\bufferpool.hpp">
      <Filter>addons\ofxOpenCv\libs\opencv\include\opencv2\core</Filter>
    </ClInclude>
    <ClInclude Include="..\..\..\..\OpenFrameworks\addons\ofxOpenCv\libs\opencv\include\opencv2\core\check.hpp">
      <Filter>addons\ofxOpenCv\libs\opencv\include\opencv2\core</Filter>
    </ClInclude>
    <ClInclude Include="..\..\..\..\OpenFrameworks\addons\ofxOpenCv\libs\opencv\include\opencv2\core\core.hpp">
      <Filter>addons\ofxOpenCv\libs\opencv\include\opencv2\core</Filter>
    </ClInclude>
    <ClInclude Include="..\..\..\..\OpenFrameworks\addons\ofxOpenCv\libs\opencv\include\opencv2\core\cuda.hpp">
      <Filter>addons\ofxOpenCv\libs\opencv\include\opencv2\core</Filter>
    </ClInclude>
    <ClInclude Include="..\..\..\..\OpenFrameworks\addons\ofxOpenCv\libs\opencv\include\opencv2\core\cuda.inl.hpp">
      <Filter>addons\ofxOpenCv\libs\opencv\include\opencv2\core</Filter>
    </ClInclude>
    <ClInclude Include="..\..\..\..\OpenFrameworks\addons\ofxOpenCv\libs\opencv\include\opencv2\core\cuda_stream_accessor.hpp">
      <Filter>addons\ofxOpenCv\libs\opencv\include\opencv2\core</Filter>
    </ClInclude>
    <ClInclude Include="..\..\..\..\OpenFrameworks\addons\ofxOpenCv\libs\opencv\include\opencv2\core\cuda_types.hpp">
      <Filter>addons\ofxOpenCv\libs\opencv\include\opencv2\core</Filter>
    </ClInclude>
    <ClInclude Include="..\..\..\..\OpenFrameworks\addons\ofxOpenCv\libs\opencv\include\opencv2\core\cvstd.hpp">
      <Filter>addons\ofxOpenCv\libs\opencv\include\opencv2\core</Filter>
    </ClInclude>
    <ClInclude Include="..\..\..\..\OpenFrameworks\addons\ofxOpenCv\libs\opencv\include\opencv2\core\cvstd.inl.hpp">
      <Filter>addons\ofxOpenCv\libs\opencv\include\opencv2\core</Filter>
    </ClInclude>
    <ClInclude Include="..\..\..\..\OpenFrameworks\addons\ofxOpenCv\libs\opencv\include\opencv2\core\cvstd_wrapper.hpp">
      <Filter>addons\ofxOpenCv\libs\opencv\include\opencv2\core</Filter>
    </ClInclude>
    <ClInclude Include="..\..\..\..\OpenFrameworks\addons\ofxOpenCv\libs\opencv\include\opencv2\core\directx.hpp">
      <Filter>addons\ofxOpenCv\libs\opencv\include\opencv2\core</Filter>
    </ClInclude>
    <ClInclude Include="..\..\..\..\OpenFrameworks\addons\ofxOpenCv\libs\opencv\include\opencv2\core\eigen.hpp">
      <Filter>addons\ofxOpenCv\libs\opencv\include\opencv2\core</Filter>
    </ClInclude>
    <ClInclude Include="..\..\..\..\OpenFrameworks\addons\ofxOpenCv\libs\opencv\include\opencv2\core\fast_math.hpp">
      <Filter>addons\ofxOpenCv\libs\opencv\include\opencv2\core</Filter>
    </ClInclude>
    <ClInclude Include="..\..\..\..\OpenFrameworks\addons\ofxOpenCv\libs\opencv\include\opencv2\core\mat.hpp">
      <Filter>addons\ofxOpenCv\libs\opencv\include\opencv2\core</Filter>
    </ClInclude>
    <ClInclude Include="..\..\..\..\OpenFrameworks\addons\ofxOpenCv\libs\opencv\include\opencv2\core\mat.inl.hpp">
      <Filter>addons\ofxOpenCv\libs\opencv\include\opencv2\core</Filter>
    </ClInclude>
    <ClInclude Include="..\..\..\..\OpenFrameworks\addons\ofxOpenCv\libs\opencv\include\opencv2\core\matx.hpp">
      <Filter>addons\ofxOpenCv\libs\opencv\include\opencv2\core</Filter>
    </ClInclude>
    <ClInclude Include="..\..\..\..\OpenFrameworks\addons\ofxOpenCv\libs\opencv\include\opencv2\core\neon_utils.hpp">
      <Filter>addons\ofxOpenCv\libs\opencv\include\opencv2\core</Filter>
    </ClInclude>
    <ClInclude Include="..\..\..\..\OpenFrameworks\addons\ofxOpenCv\libs\opencv\include\opencv2\core\ocl.hpp">
      <Filter>addons\ofxOpenCv\libs\opencv\include\opencv2\core</Filter>
    </ClInclude>
    <ClInclude Include="..\..\..\..\OpenFrameworks\addons\ofxOpenCv\libs\opencv\include\opencv2\core\ocl_genbase.hpp">
      <Filter>addons\ofxOpenCv\libs\opencv\include\opencv2\core</Filter>
    </ClInclude>
    <ClInclude Include="..\..\..\..\OpenFrameworks\addons\ofxOpenCv\libs\opencv\include\opencv2\core\opengl.hpp">
      <Filter>addons\ofxOpenCv\libs\opencv\include\opencv2\core</Filter>
    </ClInclude>
    <ClInclude Include="..\..\..\..\OpenFrameworks\addons\ofxOpenCv\libs\opencv\include\opencv2\core\operations.hpp">
      <Filter>addons\ofxOpenCv\libs\opencv\include\opencv2\core</Filter>
    </ClInclude>
    <ClInclude Include="..\..\..\..\OpenFrameworks\addons\ofxOpenCv\libs\opencv\include\opencv2\core\optim.hpp">
      <Filter>addons\ofxOpenCv\libs\opencv\include\opencv2\core</Filter>
    </ClInclude>
    <ClInclude Include="..\..\..\..\OpenFrameworks\addons\ofxOpenCv\libs\opencv\include\opencv2\core\ovx.hpp">
      <Filter>addons\ofxOpenCv\libs\opencv\include\opencv2\core</Filter>
    </ClInclude>
    <ClInclude Include="..\..\..\..\OpenFrameworks\addons\ofxOpenCv\libs\opencv\include\opencv2\core\persistence.hpp">
      <Filter>addons\ofxOpenCv\libs\opencv\include\opencv2\core</Filter>
    </ClInclude>
    <ClInclude Include="..\..\..\..\OpenFrameworks\addons\ofxOpenCv\libs\opencv\include\opencv2\core\private.cuda.hpp">
      <Filter>addons\ofxOpenCv\libs\opencv\include\opencv2\core</Filter>
    </ClInclude>
    <ClInclude Include="..\..\..\..\OpenFrameworks\addons\ofxOpenCv\libs\opencv\include\opencv2\core\private.hpp">
      <Filter>addons\ofxOpenCv\libs\opencv\include\opencv2\core</Filter>
    </ClInclude>
    <ClInclude Include="..\..\..\..\OpenFrameworks\addons\ofxOpenCv\libs\opencv\include\opencv2\core\saturate.hpp">
      <Filter>addons\ofxOpenCv\libs\opencv\include\opencv2\core</Filter>
    </ClInclude>
    <ClInclude Include="..\..\..\..\OpenFrameworks\addons\ofxOpenCv\libs\opencv\include\opencv2\core\softfloat.hpp">
      <Filter>addons\ofxOpenCv\libs\opencv\include\opencv2\core</Filter>
    </ClInclude>
    <ClInclude Include="..\..\..\..\OpenFrameworks\addons\ofxOpenCv\libs\opencv\include\opencv2\core\sse_utils.hpp">
      <Filter>addons\ofxOpenCv\libs\opencv\include\opencv2\core</Filter>
    </ClInclude>
    <ClInclude Include="..\..\..\..\OpenFrameworks\addons\ofxOpenCv\libs\opencv\include\opencv2\core\traits.hpp">
      <Filter>addons\ofxOpenCv\libs\opencv\include\opencv2\core</Filter>
    </ClInclude>
    <ClInclude Include="..\..\..\..\OpenFrameworks\addons\ofxOpenCv\libs\opencv\include\opencv2\core\types.hpp">
      <Filter>addons\ofxOpenCv\libs\opencv\include\opencv2\core</Filter>
    </ClInclude>
    <ClInclude Include="..\..\..\..\OpenFrameworks\addons\ofxOpenCv\libs\opencv\include\opencv2\core\utility.hpp">
      <Filter>addons\ofxOpenCv\libs\opencv\include\opencv2\core</Filter>
    </ClInclude>
    <ClInclude Include="..\..\..\..\OpenFrameworks\addons\ofxOpenCv\libs\opencv\include\opencv2\core\va_intel.hpp">
      <Filter>addons\ofxOpenCv\libs\opencv\include\opencv2\core</Filter>
    </ClInclude>
    <ClInclude Include="..\..\..\..\OpenFrameworks\addons\ofxOpenCv\libs\opencv\include\opencv2\core\version.hpp">
      <Filter>addons\ofxOpenCv\libs\opencv\include\opencv2\core</Filter>
    </ClInclude>
    <ClInclude Include="..\..\..\..\OpenFrameworks\addons\ofxOpenCv\libs\opencv\include\opencv2\core\vsx_utils.hpp">
      <Filter>addons\ofxOpenCv\libs\opencv\include\opencv2\core</Filter>
    </ClInclude>
    <ClInclude Include="..\..\..\..\OpenFrameworks\addons\ofxOpenCv\libs\opencv\include\opencv2\core\cuda\block.hpp">
      <Filter>addons\ofxOpenCv\libs\opencv\include\opencv2\core\cuda</Filter>
    </ClInclude>
    <ClInclude Include="..\..\..\..\OpenFrameworks\addons\ofxOpenCv\libs\opencv\include\opencv2\core\cuda\border_interpolate.hpp">
      <Filter>addons\ofxOpenCv\libs\opencv\include\opencv2\core\cuda</Filter>
    </ClInclude>
    <ClInclude Include="..\..\..\..\OpenFrameworks\addons\ofxOpenCv\libs\opencv\include\opencv2\core\cuda\color.hpp">
      <Filter>addons\ofxOpenCv\libs\opencv\include\opencv2\core\cuda</Filter>
    </ClInclude>
    <ClInclude Include="..\..\..\..\OpenFrameworks\addons\ofxOpenCv\libs\opencv\include\opencv2\core\cuda\common.hpp">
      <Filter>addons\ofxOpenCv\libs\opencv\include\opencv2\core\cuda</Filter>
    </ClInclude>
    <ClInclude Include="..\..\..\..\OpenFrameworks\addons\ofxOpenCv\libs\opencv\include\opencv2\core\cuda\datamov_utils.hpp">
      <Filter>addons\ofxOpenCv\libs\opencv\include\opencv2\core\cuda</Filter>
    </ClInclude>
    <ClInclude Include="..\..\..\..\OpenFrameworks\addons\ofxOpenCv\libs\opencv\include\opencv2\core\cuda\dynamic_smem.hpp">
      <Filter>addons\ofxOpenCv\libs\opencv\include\opencv2\core\cuda</Filter>
    </ClInclude>
    <ClInclude Include="..\..\..\..\OpenFrameworks\addons\ofxOpenCv\libs\opencv\include\opencv2\core\cuda\emulation.hpp">
      <Filter>addons\ofxOpenCv\libs\opencv\include\opencv2\core\cuda</Filter>
    </ClInclude>
    <ClInclude Include="..\..\..\..\OpenFrameworks\addons\ofxOpenCv\libs\opencv\include\opencv2\core\cuda\filters.hpp">
      <Filter>addons\ofxOpenCv\libs\opencv\include\opencv2\core\cuda</Filter>
    </ClInclude>
    <ClInclude Include="..\..\..\..\OpenFrameworks\addons\ofxOpenCv\libs\opencv\include\opencv2\core\cuda\funcattrib.hpp">
      <Filter>addons\ofxOpenCv\libs\opencv\include\opencv2\core\cuda</Filter>
    </ClInclude>
    <ClInclude Include="..\..\..\..\OpenFrameworks\addons\ofxOpenCv\libs\opencv\include\opencv2\core\cuda\functional.hpp">
      <Filter>addons\ofxOpenCv\libs\opencv\include\opencv2\core\cuda</Filter>
    </ClInclude>
    <ClInclude Include="..\..\..\..\OpenFrameworks\addons\ofxOpenCv\libs\opencv\include\opencv2\core\cuda\limits.hpp">
      <Filter>addons\ofxOpenCv\libs\opencv\include\opencv2\core\cuda</Filter>
    </ClInclude>
    <ClInclude Include="..\..\..\..\OpenFrameworks\addons\ofxOpenCv\libs\opencv\include\opencv2\core\cuda\reduce.hpp">
      <Filter>addons\ofxOpenCv\libs\opencv\include\opencv2\core\cuda</Filter>
    </ClInclude>
    <ClInclude Include="..\..\..\..\OpenFrameworks\addons\ofxOpenCv\libs\opencv\include\opencv2\core\cuda\saturate_cast.hpp">
      <Filter>addons\ofxOpenCv\libs\opencv\include\opencv2\core\cuda</Filter>
    </ClInclude>
    <ClInclude Include="..\..\..\..\OpenFrameworks\addons\ofxOpenCv\libs\opencv\include\opencv2\core\cuda\scan.hpp">
      <Filter>addons\ofxOpenCv\libs\opencv\include\opencv2\core\cuda</Filter>
    </ClInclude>
    <ClInclude Include="..\..\..\..\OpenFrameworks\addons\ofxOpenCv\libs\opencv\include\opencv2\core\cuda\simd_functions.hpp">
      <Filter>addons\ofxOpenCv\libs\opencv\include\opencv2\core\cuda</Filter>
    </ClInclude>
    <ClInclude Include="..\..\..\..\OpenFrameworks\addons\ofxOpenCv\libs\opencv\include\opencv2\core\cuda\transform.hpp">
      <Filter>addons\ofxOpenCv\libs\opencv\include\opencv2\core\cuda</Filter>
    </ClInclude>
    <ClInclude Include="..\..\..\..\OpenFrameworks\addons\ofxOpenCv\libs\opencv\include\opencv2\core\cuda\type_traits.hpp">
      <Filter>addons\ofxOpenCv\libs\opencv\include\opencv2\core\cuda</Filter>
    </ClInclude>
    <ClInclude Include="..\..\..\..\OpenFrameworks\addons\ofxOpenCv\libs\opencv\include\opencv2\core\cuda\utility.hpp">
      <Filter>addons\ofxOpenCv\libs\opencv\include\opencv2\core\cuda</Filter>
    </ClInclude>
    <ClInclude Include="..\..\..\..\OpenFrameworks\addons\ofxOpenCv\libs\opencv\include\opencv2\core\cuda\vec_distance.hpp">
      <Filter>addons\ofxOpenCv\libs\opencv\include\opencv2\core\cuda</Filter>
    </ClInclude>
    <ClInclude Include="..\..\..\..\OpenFrameworks\addons\ofxOpenCv\libs\opencv\include\opencv2\core\cuda\vec_math.hpp">
      <Filter>addons\ofxOpenCv\libs\opencv\include\opencv2\core\cuda</Filter>
    </ClInclude>
    <ClInclude Include="..\..\..\..\OpenFrameworks\addons\ofxOpenCv\libs\opencv\include\opencv2\core\cuda\vec_traits.hpp">
      <Filter>addons\ofxOpenCv\libs\opencv\include\opencv2\core\cuda</Filter>
    </ClInclude>
    <ClInclude Include="..\..\..\..\OpenFrameworks\addons\ofxOpenCv\libs\opencv\include\opencv2\core\cuda\warp.hpp">
      <Filter>addons\ofxOpenCv\libs\opencv\include\opencv2\core\cuda</Filter>
    </ClInclude>
    <ClInclude Include="..\..\..\..\OpenFrameworks\addons\ofxOpenCv\libs\opencv\include\opencv2\core\cuda\warp_reduce.hpp">
      <Filter>addons\ofxOpenCv\libs\opencv\include\opencv2\core\cuda</Filter>
    </ClInclude>
    <ClInclude Include="..\..\..\..\OpenFrameworks\addons\ofxOpenCv\libs\opencv\include\opencv2\core\cuda\warp_shuffle.hpp">
      <Filter>addons\ofxOpenCv\libs\opencv\include\opencv2\core\cuda</Filter>
    </ClInclude>
    <ClInclude Include="..\..\..\..\OpenFrameworks\addons\ofxOpenCv\libs\opencv\include\opencv2\core\cuda\detail\color_detail.hpp">
      <Filter>addons\ofxOpenCv\libs\opencv\include\opencv2\core\cuda\detail</Filter>
    </ClInclude>
    <ClInclude Include="..\..\..\..\OpenFrameworks\addons\ofxOpenCv\libs\opencv\include\opencv2\core\cuda\detail\reduce.hpp">
      <Filter>addons\ofxOpenCv\libs\opencv\include\opencv2\core\cuda\detail</Filter>
    </ClInclude>
    <ClInclude Include="..\..\..\..\OpenFrameworks\addons\ofxOpenCv\libs\opencv\include\opencv2\core\cuda\detail\reduce_key_val.hpp">
      <Filter>addons\ofxOpenCv\libs\opencv\include\opencv2\core\cuda\detail</Filter>
    </ClInclude>
    <ClInclude Include="..\..\..\..\OpenFrameworks\addons\ofxOpenCv\libs\opencv\include\opencv2\core\cuda\detail\transform_detail.hpp">
      <Filter>addons\ofxOpenCv\libs\opencv\include\opencv2\core\cuda\detail</Filter>
    </ClInclude>
    <ClInclude Include="..\..\..\..\OpenFrameworks\addons\ofxOpenCv\libs\opencv\include\opencv2\core\cuda\detail\type_traits_detail.hpp">
      <Filter>addons\ofxOpenCv\libs\opencv\include\opencv2\core\cuda\detail</Filter>
    </ClInclude>
    <ClInclude Include="..\..\..\..\OpenFrameworks\addons\ofxOpenCv\libs\opencv\include\opencv2\core\cuda\detail\vec_distance_detail.hpp">
      <Filter>addons\ofxOpenCv\libs\opencv\include\opencv2\core\cuda\detail</Filter>
    </ClInclude>
    <ClInclude Include="..\..\..\..\OpenFrameworks\addons\ofxOpenCv\libs\opencv\include\opencv2\core\hal\interface.h">
      <Filter>addons\ofxOpenCv\libs\opencv\include\opencv2\core\hal</Filter>
    </ClInclude>
    <ClInclude Include="..\..\..\..\OpenFrameworks\addons\ofxOpenCv\libs\opencv\include\opencv2\core\hal\hal.hpp">
      <Filter>addons\ofxOpenCv\libs\opencv\include\opencv2\core\hal</Filter>
    </ClInclude>
    <ClInclude Include="..\..\..\..\OpenFrameworks\addons\ofxOpenCv\libs\opencv\include\opencv2\core\hal\intrin.hpp">
      <Filter>addons\ofxOpenCv\libs\opencv\include\opencv2\core\hal</Filter>
    </ClInclude>
    <ClInclude Include="..\..\..\..\OpenFrameworks\addons\ofxOpenCv\libs\opencv\include\opencv2\core\hal\intrin_avx.hpp">
      <Filter>addons\ofxOpenCv\libs\opencv\include\opencv2\core\hal</Filter>
    </ClInclude>
    <ClInclude Include="..\..\..\..\OpenFrameworks\addons\ofxOpenCv\libs\opencv\include\opencv2\core\hal\intrin_cpp.hpp">
      <Filter>addons\ofxOpenCv\libs\opencv\include\opencv2\core\hal</Filter>
    </ClInclude>
    <ClInclude Include="..\..\..\..\OpenFrameworks\addons\ofxOpenCv\libs\opencv\include\opencv2\core\hal\intrin_forward.hpp">
      <Filter>addons\ofxOpenCv\libs\opencv\include\opencv2\core\hal</Filter>
    </ClInclude>
    <ClInclude Include="..\..\..\..\OpenFrameworks\addons\ofxOpenCv\libs\opencv\include\opencv2\core\hal\intrin_neon.hpp">
      <Filter>addons\ofxOpenCv\libs\opencv\include\opencv2\core\hal</Filter>
    </ClInclude>
    <ClInclude Include="..\..\..\..\OpenFrameworks\addons\ofxOpenCv\libs\opencv\include\opencv2\core\hal\intrin_sse.hpp">
      <Filter>addons\ofxOpenCv\libs\opencv\include\opencv2\core\hal</Filter>
    </ClInclude>
    <ClInclude Include="..\..\..\..\OpenFrameworks\addons\ofxOpenCv\libs\opencv\include\opencv2\core\hal\intrin_sse_em.hpp">
      <Filter>addons\ofxOpenCv\libs\opencv\include\opencv2\core\hal</Filter>
    </ClInclude>
    <ClInclude Include="..\..\..\..\OpenFrameworks\addons\ofxOpenCv\libs\opencv\include\opencv2\core\hal\intrin_vsx.hpp">
      <Filter>addons\ofxOpenCv\libs\opencv\include\opencv2\core\hal</Filter>
    </ClInclude>
    <ClInclude Include="..\..\..\..\OpenFrameworks\addons\ofxOpenCv\libs\opencv\include\opencv2\core\opencl\ocl_defs.hpp">
      <Filter>addons\ofxOpenCv\libs\opencv\include\opencv2\core\opencl</Filter>
    </ClInclude>
    <ClInclude Include="..\..\..\..\OpenFrameworks\addons\ofxOpenCv\libs\opencv\include\opencv2\core\opencl\opencl_info.hpp">
      <Filter>addons\ofxOpenCv\libs\opencv\include\opencv2\core\opencl</Filter>
    </ClInclude>
    <ClInclude Include="..\..\..\..\OpenFrameworks\addons\ofxOpenCv\libs\opencv\include\opencv2\core\opencl\opencl_svm.hpp">
      <Filter>addons\ofxOpenCv\libs\opencv\include\opencv2\core\opencl</Filter>
    </ClInclude>
    <ClInclude Include="..\..\..\..\OpenFrameworks\addons\ofxOpenCv\libs\opencv\include\opencv2\core\opencl\runtime\opencl_clamdblas.hpp">
      <Filter>addons\ofxOpenCv\libs\opencv\include\opencv2\core\opencl\runtime</Filter>
    </ClInclude>
    <ClInclude Include="..\..\..\..\OpenFrameworks\addons\ofxOpenCv\libs\opencv\include\opencv2\core\opencl\runtime\opencl_clamdfft.hpp">
      <Filter>addons\ofxOpenCv\libs\opencv\include\opencv2\core\opencl\runtime</Filter>
    </ClInclude>
    <ClInclude Include="..\..\..\..\OpenFrameworks\addons\ofxOpenCv\libs\opencv\include\opencv2\core\opencl\runtime\opencl_core.hpp">
      <Filter>addons\ofxOpenCv\libs\opencv\include\opencv2\core\opencl\runtime</Filter>
    </ClInclude>
    <ClInclude Include="..\..\..\..\OpenFrameworks\addons\ofxOpenCv\libs\opencv\include\opencv2\core\opencl\runtime\opencl_core_wrappers.hpp">
      <Filter>addons\ofxOpenCv\libs\opencv\include\opencv2\core\opencl\runtime</Filter>
    </ClInclude>
    <ClInclude Include="..\..\..\..\OpenFrameworks\addons\ofxOpenCv\libs\opencv\include\opencv2\core\opencl\runtime\opencl_gl.hpp">
      <Filter>addons\ofxOpenCv\libs\opencv\include\opencv2\core\opencl\runtime</Filter>
    </ClInclude>
    <ClInclude Include="..\..\..\..\OpenFrameworks\addons\ofxOpenCv\libs\opencv\include\opencv2\core\opencl\runtime\opencl_gl_wrappers.hpp">
      <Filter>addons\ofxOpenCv\libs\opencv\include\opencv2\core\opencl\runtime</Filter>
    </ClInclude>
    <ClInclude Include="..\..\..\..\OpenFrameworks\addons\ofxOpenCv\libs\opencv\include\opencv2\core\opencl\runtime\opencl_svm_20.hpp">
      <Filter>addons\ofxOpenCv\libs\opencv\include\opencv2\core\opencl\runtime</Filter>
    </ClInclude>
    <ClInclude Include="..\..\..\..\OpenFrameworks\addons\ofxOpenCv\libs\opencv\include\opencv2\core\opencl\runtime\opencl_svm_definitions.hpp">
      <Filter>addons\ofxOpenCv\libs\opencv\include\opencv2\core\opencl\runtime</Filter>
    </ClInclude>
    <ClInclude Include="..\..\..\..\OpenFrameworks\addons\ofxOpenCv\libs\opencv\include\opencv2\core\opencl\runtime\opencl_svm_hsa_extension.hpp">
      <Filter>addons\ofxOpenCv\libs\opencv\include\opencv2\core\opencl\runtime</Filter>
    </ClInclude>
    <ClInclude Include="..\..\..\..\OpenFrameworks\addons\ofxOpenCv\libs\opencv\include\opencv2\core\opencl\runtime\autogenerated\opencl_clamdblas.hpp">
      <Filter>addons\ofxOpenCv\libs\opencv\include\opencv2\core\opencl\runtime\autogenerated</Filter>
    </ClInclude>
    <ClInclude Include="..\..\..\..\OpenFrameworks\addons\ofxOpenCv\libs\opencv\include\opencv2\core\opencl\runtime\autogenerated\opencl_clamdfft.hpp">
      <Filter>addons\ofxOpenCv\libs\opencv\include\opencv2\core\opencl\runtime\autogenerated</Filter>
    </ClInclude>
    <ClInclude Include="..\..\..\..\OpenFrameworks\addons\ofxOpenCv\libs\opencv\include\opencv2\core\opencl\runtime\autogenerated\opencl_core.hpp">
      <Filter>addons\ofxOpenCv\libs\opencv\include\opencv2\core\opencl\runtime\autogenerated</Filter>
    </ClInclude>
    <ClInclude Include="..\..\..\..\OpenFrameworks\addons\ofxOpenCv\libs\opencv\include\opencv2\core\opencl\runtime\autogenerated\opencl_core_wrappers.hpp">
      <Filter>addons\ofxOpenCv\libs\opencv\include\opencv2\core\opencl\runtime\autogenerated</Filter>
    </ClInclude>
    <ClInclude Include="..\..\..\..\OpenFrameworks\addons\ofxOpenCv\libs\opencv\include\opencv2\core\opencl\runtime\autogenerated\opencl_gl.hpp">
      <Filter>addons\ofxOpenCv\libs\opencv\include\opencv2\core\opencl\runtime\autogenerated</Filter>
    </ClInclude>
    <ClInclude Include="..\..\..\..\OpenFrameworks\addons\ofxOpenCv\libs\opencv\include\opencv2\core\opencl\runtime\autogenerated\opencl_gl_wrappers.hpp">
      <Filter>addons\ofxOpenCv\libs\opencv\include\opencv2\core\opencl\runtime\autogenerated</Filter>
    </ClInclude>
    <ClInclude Include="..\..\..\..\OpenFrameworks\addons\ofxOpenCv\libs\opencv\include\opencv2\core\openvx\ovx_defs.hpp">
      <Filter>addons\ofxOpenCv\libs\opencv\include\opencv2\core\openvx</Filter>
    </ClInclude>
    <ClInclude Include="..\..\..\..\OpenFrameworks\addons\ofxOpenCv\libs\opencv\include\opencv2\core\private\cv_cpu_include_simd_declarations.hpp">
      <Filter>addons\ofxOpenCv\libs\opencv\include\opencv2\core\private</Filter>
    </ClInclude>
    <ClInclude Include="..\..\..\..\OpenFrameworks\addons\ofxOpenCv\libs\opencv\include\opencv2\core\utils\configuration.private.hpp">
      <Filter>addons\ofxOpenCv\libs\opencv\include\opencv2\core\utils</Filter>
    </ClInclude>
    <ClInclude Include="..\..\..\..\OpenFrameworks\addons\ofxOpenCv\libs\opencv\include\opencv2\core\utils\filesystem.hpp">
      <Filter>addons\ofxOpenCv\libs\opencv\include\opencv2\core\utils</Filter>
    </ClInclude>
    <ClInclude Include="..\..\..\..\OpenFrameworks\addons\ofxOpenCv\libs\opencv\include\opencv2\core\utils\filesystem.private.hpp">
      <Filter>addons\ofxOpenCv\libs\opencv\include\opencv2\core\utils</Filter>
    </ClInclude>
    <ClInclude Include="..\..\..\..\OpenFrameworks\addons\ofxOpenCv\libs\opencv\include\opencv2\core\utils\lock.private.hpp">
      <Filter>addons\ofxOpenCv\libs\opencv\include\opencv2\core\utils</Filter>
    </ClInclude>
    <ClInclude Include="..\..\..\..\OpenFrameworks\addons\ofxOpenCv\libs\opencv\include\opencv2\core\utils\logger.defines.hpp">
      <Filter>addons\ofxOpenCv\libs\opencv\include\opencv2\core\utils</Filter>
    </ClInclude>
    <ClInclude Include="..\..\..\..\OpenFrameworks\addons\ofxOpenCv\libs\opencv\include\opencv2\core\utils\logger.hpp">
      <Filter>addons\ofxOpenCv\libs\opencv\include\opencv2\core\utils</Filter>
    </ClInclude>
    <ClInclude Include="..\..\..\..\OpenFrameworks\addons\ofxOpenCv\libs\opencv\include\opencv2\core\utils\trace.hpp">
      <Filter>addons\ofxOpenCv\libs\opencv\include\opencv2\core\utils</Filter>
    </ClInclude>
    <ClInclude Include="..\..\..\..\OpenFrameworks\addons\ofxOpenCv\libs\opencv\include\opencv2\core\utils\trace.private.hpp">
      <Filter>addons\ofxOpenCv\libs\opencv\include\opencv2\core\utils</Filter>
    </ClInclude>
    <ClInclude Include="..\..\..\..\OpenFrameworks\addons\ofxOpenCv\libs\opencv\include\opencv2\dnn\all_layers.hpp">
      <Filter>addons\ofxOpenCv\libs\opencv\include\opencv2\dnn</Filter>
    </ClInclude>
    <ClInclude Include="..\..\..\..\OpenFrameworks\addons\ofxOpenCv\libs\opencv\include\opencv2\dnn\dict.hpp">
      <Filter>addons\ofxOpenCv\libs\opencv\include\opencv2\dnn</Filter>
    </ClInclude>
    <ClInclude Include="..\..\..\..\OpenFrameworks\addons\ofxOpenCv\libs\opencv\include\opencv2\dnn\dnn.hpp">
      <Filter>addons\ofxOpenCv\libs\opencv\include\opencv2\dnn</Filter>
    </ClInclude>
    <ClInclude Include="..\..\..\..\OpenFrameworks\addons\ofxOpenCv\libs\opencv\include\opencv2\dnn\dnn.inl.hpp">
      <Filter>addons\ofxOpenCv\libs\opencv\include\opencv2\dnn</Filter>
    </ClInclude>
    <ClInclude Include="..\..\..\..\OpenFrameworks\addons\ofxOpenCv\libs\opencv\include\opencv2\dnn\layer.details.hpp">
      <Filter>addons\ofxOpenCv\libs\opencv\include\opencv2\dnn</Filter>
    </ClInclude>
    <ClInclude Include="..\..\..\..\OpenFrameworks\addons\ofxOpenCv\libs\opencv\include\opencv2\dnn\layer.hpp">
      <Filter>addons\ofxOpenCv\libs\opencv\include\opencv2\dnn</Filter>
    </ClInclude>
    <ClInclude Include="..\..\..\..\OpenFrameworks\addons\ofxOpenCv\libs\opencv\include\opencv2\dnn\shape_utils.hpp">
      <Filter>addons\ofxOpenCv\libs\opencv\include\opencv2\dnn</Filter>
    </ClInclude>
    <ClInclude Include="..\..\..\..\OpenFrameworks\addons\ofxOpenCv\libs\opencv\include\opencv2\dnn\version.hpp">
      <Filter>addons\ofxOpenCv\libs\opencv\include\opencv2\dnn</Filter>
    </ClInclude>
    <ClInclude Include="..\..\..\..\OpenFrameworks\addons\ofxOpenCv\libs\opencv\include\opencv2\features2d\features2d.hpp">
      <Filter>addons\ofxOpenCv\libs\opencv\include\opencv2\features2d</Filter>
    </ClInclude>
    <ClInclude Include="..\..\..\..\OpenFrameworks\addons\ofxOpenCv\libs\opencv\include\opencv2\features2d\hal\interface.h">
      <Filter>addons\ofxOpenCv\libs\opencv\include\opencv2\features2d\hal</Filter>
    </ClInclude>
    <ClInclude Include="..\..\..\..\OpenFrameworks\addons\ofxOpenCv\libs\opencv\include\opencv2\flann\allocator.h">
      <Filter>addons\ofxOpenCv\libs\opencv\include\opencv2\flann</Filter>
    </ClInclude>
    <ClInclude Include="..\..\..\..\OpenFrameworks\addons\ofxOpenCv\libs\opencv\include\opencv2\flann\all_indices.h">
      <Filter>addons\ofxOpenCv\libs\opencv\include\opencv2\flann</Filter>
    </ClInclude>
    <ClInclude Include="..\..\..\..\OpenFrameworks\addons\ofxOpenCv\libs\opencv\include\opencv2\flann\any.h">
      <Filter>addons\ofxOpenCv\libs\opencv\include\opencv2\flann</Filter>
    </ClInclude>
    <ClInclude Include="..\..\..\..\OpenFrameworks\addons\ofxOpenCv\libs\opencv\include\opencv2\flann\autotuned_index.h">
      <Filter>addons\ofxOpenCv\libs\opencv\include\opencv2\flann</Filter>
    </ClInclude>
    <ClInclude Include="..\..\..\..\OpenFrameworks\addons\ofxOpenCv\libs\opencv\include\opencv2\flann\composite_index.h">
      <Filter>addons\ofxOpenCv\libs\opencv\include\opencv2\flann</Filter>
    </ClInclude>
    <ClInclude Include="..\..\..\..\OpenFrameworks\addons\ofxOpenCv\libs\opencv\include\opencv2\flann\config.h">
      <Filter>addons\ofxOpenCv\libs\opencv\include\opencv2\flann</Filter>
    </ClInclude>
    <ClInclude Include="..\..\..\..\OpenFrameworks\addons\ofxOpenCv\libs\opencv\include\opencv2\flann\defines.h">
      <Filter>addons\ofxOpenCv\libs\opencv\include\opencv2\flann</Filter>
    </ClInclude>
    <ClInclude Include="..\..\..\..\OpenFrameworks\addons\ofxOpenCv\libs\opencv\include\opencv2\flann\dist.h">
      <Filter>addons\ofxOpenCv\libs\opencv\include\opencv2\flann</Filter>
    </ClInclude>
    <ClInclude Include="..\..\..\..\OpenFrameworks\addons\ofxOpenCv\libs\opencv\include\opencv2\flann\dummy.h">
      <Filter>addons\ofxOpenCv\libs\opencv\include\opencv2\flann</Filter>
    </ClInclude>
    <ClInclude Include="..\..\..\..\OpenFrameworks\addons\ofxOpenCv\libs\opencv\include\opencv2\flann\dynamic_bitset.h">
      <Filter>addons\ofxOpenCv\libs\opencv\include\opencv2\flann</Filter>
    </ClInclude>
    <ClInclude Include="..\..\..\..\OpenFrameworks\addons\ofxOpenCv\libs\opencv\include\opencv2\flann\general.h">
      <Filter>addons\ofxOpenCv\libs\opencv\include\opencv2\flann</Filter>
    </ClInclude>
    <ClInclude Include="..\..\..\..\OpenFrameworks\addons\ofxOpenCv\libs\opencv\include\opencv2\flann\ground_truth.h">
      <Filter>addons\ofxOpenCv\libs\opencv\include\opencv2\flann</Filter>
    </ClInclude>
    <ClInclude Include="..\..\..\..\OpenFrameworks\addons\ofxOpenCv\libs\opencv\include\opencv2\flann\heap.h">
      <Filter>addons\ofxOpenCv\libs\opencv\include\opencv2\flann</Filter>
    </ClInclude>
    <ClInclude Include="..\..\..\..\OpenFrameworks\addons\ofxOpenCv\libs\opencv\include\opencv2\flann\hierarchical_clustering_index.h">
      <Filter>addons\ofxOpenCv\libs\opencv\include\opencv2\flann</Filter>
    </ClInclude>
    <ClInclude Include="..\..\..\..\OpenFrameworks\addons\ofxOpenCv\libs\opencv\include\opencv2\flann\index_testing.h">
      <Filter>addons\ofxOpenCv\libs\opencv\include\opencv2\flann</Filter>
    </ClInclude>
    <ClInclude Include="..\..\..\..\OpenFrameworks\addons\ofxOpenCv\libs\opencv\include\opencv2\flann\kdtree_index.h">
      <Filter>addons\ofxOpenCv\libs\opencv\include\opencv2\flann</Filter>
    </ClInclude>
    <ClInclude Include="..\..\..\..\OpenFrameworks\addons\ofxOpenCv\libs\opencv\include\opencv2\flann\kdtree_single_index.h">
      <Filter>addons\ofxOpenCv\libs\opencv\include\opencv2\flann</Filter>
    </ClInclude>
    <ClInclude Include="..\..\..\..\OpenFrameworks\addons\ofxOpenCv\libs\opencv\include\opencv2\flann\kmeans_index.h">
      <Filter>addons\ofxOpenCv\libs\opencv\include\opencv2\flann</Filter>
    </ClInclude>
    <ClInclude Include="..\..\..\..\OpenFrameworks\addons\ofxOpenCv\libs\opencv\include\opencv2\flann\linear_index.h">
      <Filter>addons\ofxOpenCv\libs\opencv\include\opencv2\flann</Filter>
    </ClInclude>
    <ClInclude Include="..\..\..\..\OpenFrameworks\addons\ofxOpenCv\libs\opencv\include\opencv2\flann\logger.h">
      <Filter>addons\ofxOpenCv\libs\opencv\include\opencv2\flann</Filter>
    </ClInclude>
    <ClInclude Include="..\..\..\..\OpenFrameworks\addons\ofxOpenCv\libs\opencv\include\opencv2\flann\lsh_index.h">
      <Filter>addons\ofxOpenCv\libs\opencv\include\opencv2\flann</Filter>
    </ClInclude>
    <ClInclude Include="..\..\..\..\OpenFrameworks\addons\ofxOpenCv\libs\opencv\include\opencv2\flann\lsh_table.h">
      <Filter>addons\ofxOpenCv\libs\opencv\include\opencv2\flann</Filter>
    </ClInclude>
    <ClInclude Include="..\..\..\..\OpenFrameworks\addons\ofxOpenCv\libs\opencv\include\opencv2\flann\matrix.h">
      <Filter>addons\ofxOpenCv\libs\opencv\include\opencv2\flann</Filter>
    </ClInclude>
    <ClInclude Include="..\..\..\..\OpenFrameworks\addons\ofxOpenCv\libs\opencv\include\opencv2\flann\nn_index.h">
      <Filter>addons\ofxOpenCv\libs\opencv\include\opencv2\flann</Filter>
    </ClInclude>
    <ClInclude Include="..\..\..\..\OpenFrameworks\addons\ofxOpenCv\libs\opencv\include\opencv2\flann\object_factory.h">
      <Filter>addons\ofxOpenCv\libs\opencv\include\opencv2\flann</Filter>
    </ClInclude>
    <ClInclude Include="..\..\..\..\OpenFrameworks\addons\ofxOpenCv\libs\opencv\include\opencv2\flann\params.h">
      <Filter>addons\ofxOpenCv\libs\opencv\include\opencv2\flann</Filter>
    </ClInclude>
    <ClInclude Include="..\..\..\..\OpenFrameworks\addons\ofxOpenCv\libs\opencv\include\opencv2\flann\random.h">
      <Filter>addons\ofxOpenCv\libs\opencv\include\opencv2\flann</Filter>
    </ClInclude>
    <ClInclude Include="..\..\..\..\OpenFrameworks\addons\ofxOpenCv\libs\opencv\include\opencv2\flann\result_set.h">
      <Filter>addons\ofxOpenCv\libs\opencv\include\opencv2\flann</Filter>
    </ClInclude>
    <ClInclude Include="..\..\..\..\OpenFrameworks\addons\ofxOpenCv\libs\opencv\include\opencv2\flann\sampling.h">
      <Filter>addons\ofxOpenCv\libs\opencv\include\opencv2\flann</Filter>
    </ClInclude>
    <ClInclude Include="..\..\..\..\OpenFrameworks\addons\ofxOpenCv\libs\opencv\include\opencv2\flann\saving.h">
      <Filter>addons\ofxOpenCv\libs\opencv\include\opencv2\flann</Filter>
    </ClInclude>
    <ClInclude Include="..\..\..\..\OpenFrameworks\addons\ofxOpenCv\libs\opencv\include\opencv2\flann\simplex_downhill.h">
      <Filter>addons\ofxOpenCv\libs\opencv\include\opencv2\flann</Filter>
    </ClInclude>
    <ClInclude Include="..\..\..\..\OpenFrameworks\addons\ofxOpenCv\libs\opencv\include\opencv2\flann\timer.h">
      <Filter>addons\ofxOpenCv\libs\opencv\include\opencv2\flann</Filter>
    </ClInclude>
    <ClInclude Include="..\..\..\..\OpenFrameworks\addons\ofxOpenCv\libs\opencv\include\opencv2\flann\flann.hpp">
      <Filter>addons\ofxOpenCv\libs\opencv\include\opencv2\flann</Filter>
    </ClInclude>
    <ClInclude Include="..\..\..\..\OpenFrameworks\addons\ofxOpenCv\libs\opencv\include\opencv2\flann\flann_base.hpp">
      <Filter>addons\ofxOpenCv\libs\opencv\include\opencv2\flann</Filter>
    </ClInclude>
    <ClInclude Include="..\..\..\..\OpenFrameworks\addons\ofxOpenCv\libs\opencv\include\opencv2\flann\miniflann.hpp">
      <Filter>addons\ofxOpenCv\libs\opencv\include\opencv2\flann</Filter>
    </ClInclude>
    <ClInclude Include="..\..\..\..\OpenFrameworks\addons\ofxOpenCv\libs\opencv\include\opencv2\gapi\core.hpp">
      <Filter>addons\ofxOpenCv\libs\opencv\include\opencv2\gapi</Filter>
    </ClInclude>
    <ClInclude Include="..\..\..\..\OpenFrameworks\addons\ofxOpenCv\libs\opencv\include\opencv2\gapi\garg.hpp">
      <Filter>addons\ofxOpenCv\libs\opencv\include\opencv2\gapi</Filter>
    </ClInclude>
    <ClInclude Include="..\..\..\..\OpenFrameworks\addons\ofxOpenCv\libs\opencv\include\opencv2\gapi\garray.hpp">
      <Filter>addons\ofxOpenCv\libs\opencv\include\opencv2\gapi</Filter>
    </ClInclude>
    <ClInclude Include="..\..\..\..\OpenFrameworks\addons\ofxOpenCv\libs\opencv\include\opencv2\gapi\gcall.hpp">
      <Filter>addons\ofxOpenCv\libs\opencv\include\opencv2\gapi</Filter>
    </ClInclude>
    <ClInclude Include="..\..\..\..\OpenFrameworks\addons\ofxOpenCv\libs\opencv\include\opencv2\gapi\gcommon.hpp">
      <Filter>addons\ofxOpenCv\libs\opencv\include\opencv2\gapi</Filter>
    </ClInclude>
    <ClInclude Include="..\..\..\..\OpenFrameworks\addons\ofxOpenCv\libs\opencv\include\opencv2\gapi\gcompiled.hpp">
      <Filter>addons\ofxOpenCv\libs\opencv\include\opencv2\gapi</Filter>
    </ClInclude>
    <ClInclude Include="..\..\..\..\OpenFrameworks\addons\ofxOpenCv\libs\opencv\include\opencv2\gapi\gcompoundkernel.hpp">
      <Filter>addons\ofxOpenCv\libs\opencv\include\opencv2\gapi</Filter>
    </ClInclude>
    <ClInclude Include="..\..\..\..\OpenFrameworks\addons\ofxOpenCv\libs\opencv\include\opencv2\gapi\gcomputation.hpp">
      <Filter>addons\ofxOpenCv\libs\opencv\include\opencv2\gapi</Filter>
    </ClInclude>
    <ClInclude Include="..\..\..\..\OpenFrameworks\addons\ofxOpenCv\libs\opencv\include\opencv2\gapi\gkernel.hpp">
      <Filter>addons\ofxOpenCv\libs\opencv\include\opencv2\gapi</Filter>
    </ClInclude>
    <ClInclude Include="..\..\..\..\OpenFrameworks\addons\ofxOpenCv\libs\opencv\include\opencv2\gapi\gmat.hpp">
      <Filter>addons\ofxOpenCv\libs\opencv\include\opencv2\gapi</Filter>
    </ClInclude>
    <ClInclude Include="..\..\..\..\OpenFrameworks\addons\ofxOpenCv\libs\opencv\include\opencv2\gapi\gmetaarg.hpp">
      <Filter>addons\ofxOpenCv\libs\opencv\include\opencv2\gapi</Filter>
    </ClInclude>
    <ClInclude Include="..\..\..\..\OpenFrameworks\addons\ofxOpenCv\libs\opencv\include\opencv2\gapi\gproto.hpp">
      <Filter>addons\ofxOpenCv\libs\opencv\include\opencv2\gapi</Filter>
    </ClInclude>
    <ClInclude Include="..\..\..\..\OpenFrameworks\addons\ofxOpenCv\libs\opencv\include\opencv2\gapi\gscalar.hpp">
      <Filter>addons\ofxOpenCv\libs\opencv\include\opencv2\gapi</Filter>
    </ClInclude>
    <ClInclude Include="..\..\..\..\OpenFrameworks\addons\ofxOpenCv\libs\opencv\include\opencv2\gapi\gtyped.hpp">
      <Filter>addons\ofxOpenCv\libs\opencv\include\opencv2\gapi</Filter>
    </ClInclude>
    <ClInclude Include="..\..\..\..\OpenFrameworks\addons\ofxOpenCv\libs\opencv\include\opencv2\gapi\gtype_traits.hpp">
      <Filter>addons\ofxOpenCv\libs\opencv\include\opencv2\gapi</Filter>
    </ClInclude>
    <ClInclude Include="..\..\..\..\OpenFrameworks\addons\ofxOpenCv\libs\opencv\include\opencv2\gapi\imgproc.hpp">
      <Filter>addons\ofxOpenCv\libs\opencv\include\opencv2\gapi</Filter>
    </ClInclude>
    <ClInclude Include="..\..\..\..\OpenFrameworks\addons\ofxOpenCv\libs\opencv\include\opencv2\gapi\opencv_includes.hpp">
      <Filter>addons\ofxOpenCv\libs\opencv\include\opencv2\gapi</Filter>
    </ClInclude>
    <ClInclude Include="..\..\..\..\OpenFrameworks\addons\ofxOpenCv\libs\opencv\include\opencv2\gapi\operators.hpp">
      <Filter>addons\ofxOpenCv\libs\opencv\include\opencv2\gapi</Filter>
    </ClInclude>
    <ClInclude Include="..\..\..\..\OpenFrameworks\addons\ofxOpenCv\libs\opencv\include\opencv2\gapi\cpu\core.hpp">
      <Filter>addons\ofxOpenCv\libs\opencv\include\opencv2\gapi\cpu</Filter>
    </ClInclude>
    <ClInclude Include="..\..\..\..\OpenFrameworks\addons\ofxOpenCv\libs\opencv\include\opencv2\gapi\cpu\gcpukernel.hpp">
      <Filter>addons\ofxOpenCv\libs\opencv\include\opencv2\gapi\cpu</Filter>
    </ClInclude>
    <ClInclude Include="..\..\..\..\OpenFrameworks\addons\ofxOpenCv\libs\opencv\include\opencv2\gapi\cpu\imgproc.hpp">
      <Filter>addons\ofxOpenCv\libs\opencv\include\opencv2\gapi\cpu</Filter>
    </ClInclude>
    <ClInclude Include="..\..\..\..\OpenFrameworks\addons\ofxOpenCv\libs\opencv\include\opencv2\gapi\fluid\core.hpp">
      <Filter>addons\ofxOpenCv\libs\opencv\include\opencv2\gapi\fluid</Filter>
    </ClInclude>
    <ClInclude Include="..\..\..\..\OpenFrameworks\addons\ofxOpenCv\libs\opencv\include\opencv2\gapi\fluid\gfluidbuffer.hpp">
      <Filter>addons\ofxOpenCv\libs\opencv\include\opencv2\gapi\fluid</Filter>
    </ClInclude>
    <ClInclude Include="..\..\..\..\OpenFrameworks\addons\ofxOpenCv\libs\opencv\include\opencv2\gapi\fluid\gfluidkernel.hpp">
      <Filter>addons\ofxOpenCv\libs\opencv\include\opencv2\gapi\fluid</Filter>
    </ClInclude>
    <ClInclude Include="..\..\..\..\OpenFrameworks\addons\ofxOpenCv\libs\opencv\include\opencv2\gapi\fluid\imgproc.hpp">
      <Filter>addons\ofxOpenCv\libs\opencv\include\opencv2\gapi\fluid</Filter>
    </ClInclude>
    <ClInclude Include="..\..\..\..\OpenFrameworks\addons\ofxOpenCv\libs\opencv\include\opencv2\gapi\gpu\core.hpp">
      <Filter>addons\ofxOpenCv\libs\opencv\include\opencv2\gapi\gpu</Filter>
    </ClInclude>
    <ClInclude Include="..\..\..\..\OpenFrameworks\addons\ofxOpenCv\libs\opencv\include\opencv2\gapi\gpu\ggpukernel.hpp">
      <Filter>addons\ofxOpenCv\libs\opencv\include\opencv2\gapi\gpu</Filter>
    </ClInclude>
    <ClInclude Include="..\..\..\..\OpenFrameworks\addons\ofxOpenCv\libs\opencv\include\opencv2\gapi\gpu\imgproc.hpp">
      <Filter>addons\ofxOpenCv\libs\opencv\include\opencv2\gapi\gpu</Filter>
    </ClInclude>
    <ClInclude Include="..\..\..\..\OpenFrameworks\addons\ofxOpenCv\libs\opencv\include\opencv2\gapi\ocl\core.hpp">
      <Filter>addons\ofxOpenCv\libs\opencv\include\opencv2\gapi\ocl</Filter>
    </ClInclude>
    <ClInclude Include="..\..\..\..\OpenFrameworks\addons\ofxOpenCv\libs\opencv\include\opencv2\gapi\ocl\goclkernel.hpp">
      <Filter>addons\ofxOpenCv\libs\opencv\include\opencv2\gapi\ocl</Filter>
    </ClInclude>
    <ClInclude Include="..\..\..\..\OpenFrameworks\addons\ofxOpenCv\libs\opencv\include\opencv2\gapi\ocl\imgproc.hpp">
      <Filter>addons\ofxOpenCv\libs\opencv\include\opencv2\gapi\ocl</Filter>
    </ClInclude>
    <ClInclude Include="..\..\..\..\OpenFrameworks\addons\ofxOpenCv\libs\opencv\include\opencv2\gapi\own\assert.hpp">
      <Filter>addons\ofxOpenCv\libs\opencv\include\opencv2\gapi\own</Filter>
    </ClInclude>
    <ClInclude Include="..\..\..\..\OpenFrameworks\addons\ofxOpenCv\libs\opencv\include\opencv2\gapi\own\convert.hpp">
      <Filter>addons\ofxOpenCv\libs\opencv\include\opencv2\gapi\own</Filter>
    </ClInclude>
    <ClInclude Include="..\..\..\..\OpenFrameworks\addons\ofxOpenCv\libs\opencv\include\opencv2\gapi\own\cvdefs.hpp">
      <Filter>addons\ofxOpenCv\libs\opencv\include\opencv2\gapi\own</Filter>
    </ClInclude>
    <ClInclude Include="..\..\..\..\OpenFrameworks\addons\ofxOpenCv\libs\opencv\include\opencv2\gapi\own\exports.hpp">
      <Filter>addons\ofxOpenCv\libs\opencv\include\opencv2\gapi\own</Filter>
    </ClInclude>
    <ClInclude Include="..\..\..\..\OpenFrameworks\addons\ofxOpenCv\libs\opencv\include\opencv2\gapi\own\mat.hpp">
      <Filter>addons\ofxOpenCv\libs\opencv\include\opencv2\gapi\own</Filter>
    </ClInclude>
    <ClInclude Include="..\..\..\..\OpenFrameworks\addons\ofxOpenCv\libs\opencv\include\opencv2\gapi\own\saturate.hpp">
      <Filter>addons\ofxOpenCv\libs\opencv\include\opencv2\gapi\own</Filter>
    </ClInclude>
    <ClInclude Include="..\..\..\..\OpenFrameworks\addons\ofxOpenCv\libs\opencv\include\opencv2\gapi\own\scalar.hpp">
      <Filter>addons\ofxOpenCv\libs\opencv\include\opencv2\gapi\own</Filter>
    </ClInclude>
    <ClInclude Include="..\..\..\..\OpenFrameworks\addons\ofxOpenCv\libs\opencv\include\opencv2\gapi\own\types.hpp">
      <Filter>addons\ofxOpenCv\libs\opencv\include\opencv2\gapi\own</Filter>
    </ClInclude>
    <ClInclude Include="..\..\..\..\OpenFrameworks\addons\ofxOpenCv\libs\opencv\include\opencv2\gapi\util\any.hpp">
      <Filter>addons\ofxOpenCv\libs\opencv\include\opencv2\gapi\util</Filter>
    </ClInclude>
    <ClInclude Include="..\..\..\..\OpenFrameworks\addons\ofxOpenCv\libs\opencv\include\opencv2\gapi\util\compiler_hints.hpp">
      <Filter>addons\ofxOpenCv\libs\opencv\include\opencv2\gapi\util</Filter>
    </ClInclude>
    <ClInclude Include="..\..\..\..\OpenFrameworks\addons\ofxOpenCv\libs\opencv\include\opencv2\gapi\util\optional.hpp">
      <Filter>addons\ofxOpenCv\libs\opencv\include\opencv2\gapi\util</Filter>
    </ClInclude>
    <ClInclude Include="..\..\..\..\OpenFrameworks\addons\ofxOpenCv\libs\opencv\include\opencv2\gapi\util\throw.hpp">
      <Filter>addons\ofxOpenCv\libs\opencv\include\opencv2\gapi\util</Filter>
    </ClInclude>
    <ClInclude Include="..\..\..\..\OpenFrameworks\addons\ofxOpenCv\libs\opencv\include\opencv2\gapi\util\util.hpp">
      <Filter>addons\ofxOpenCv\libs\opencv\include\opencv2\gapi\util</Filter>
    </ClInclude>
    <ClInclude Include="..\..\..\..\OpenFrameworks\addons\ofxOpenCv\libs\opencv\include\opencv2\gapi\util\variant.hpp">
      <Filter>addons\ofxOpenCv\libs\opencv\include\opencv2\gapi\util</Filter>
    </ClInclude>
    <ClInclude Include="..\..\..\..\OpenFrameworks\addons\ofxOpenCv\libs\opencv\include\opencv2\highgui\highgui_c.h">
      <Filter>addons\ofxOpenCv\libs\opencv\include\opencv2\highgui</Filter>
    </ClInclude>
    <ClInclude Include="..\..\..\..\OpenFrameworks\addons\ofxOpenCv\libs\opencv\include\opencv2\highgui\highgui.hpp">
      <Filter>addons\ofxOpenCv\libs\opencv\include\opencv2\highgui</Filter>
    </ClInclude>
    <ClInclude Include="..\..\..\..\OpenFrameworks\addons\ofxOpenCv\libs\opencv\include\opencv2\highgui\highgui_winrt.hpp">
      <Filter>addons\ofxOpenCv\libs\opencv\include\opencv2\highgui</Filter>
    </ClInclude>
    <ClInclude Include="..\..\..\..\OpenFrameworks\addons\ofxOpenCv\libs\opencv\include\opencv2\imgcodecs\imgcodecs_c.h">
      <Filter>addons\ofxOpenCv\libs\opencv\include\opencv2\imgcodecs</Filter>
    </ClInclude>
    <ClInclude Include="..\..\..\..\OpenFrameworks\addons\ofxOpenCv\libs\opencv\include\opencv2\imgcodecs\ios.h">
      <Filter>addons\ofxOpenCv\libs\opencv\include\opencv2\imgcodecs</Filter>
    </ClInclude>
    <ClInclude Include="..\..\..\..\OpenFrameworks\addons\ofxOpenCv\libs\opencv\include\opencv2\imgcodecs\imgcodecs.hpp">
      <Filter>addons\ofxOpenCv\libs\opencv\include\opencv2\imgcodecs</Filter>
    </ClInclude>
    <ClInclude Include="..\..\..\..\OpenFrameworks\addons\ofxOpenCv\libs\opencv\include\opencv2\imgcodecs\legacy\constants_c.h">
      <Filter>addons\ofxOpenCv\libs\opencv\include\opencv2\imgcodecs\legacy</Filter>
    </ClInclude>
    <ClInclude Include="..\..\..\..\OpenFrameworks\addons\ofxOpenCv\libs\opencv\include\opencv2\imgproc\imgproc_c.h">
      <Filter>addons\ofxOpenCv\libs\opencv\include\opencv2\imgproc</Filter>
    </ClInclude>
    <ClInclude Include="..\..\..\..\OpenFrameworks\addons\ofxOpenCv\libs\opencv\include\opencv2\imgproc\types_c.h">
      <Filter>addons\ofxOpenCv\libs\opencv\include\opencv2\imgproc</Filter>
    </ClInclude>
    <ClInclude Include="..\..\..\..\OpenFrameworks\addons\ofxOpenCv\libs\opencv\include\opencv2\imgproc\imgproc.hpp">
      <Filter>addons\ofxOpenCv\libs\opencv\include\opencv2\imgproc</Filter>
    </ClInclude>
    <ClInclude Include="..\..\..\..\OpenFrameworks\addons\ofxOpenCv\libs\opencv\include\opencv2\imgproc\detail\gcgraph.hpp">
      <Filter>addons\ofxOpenCv\libs\opencv\include\opencv2\imgproc\detail</Filter>
    </ClInclude>
    <ClInclude Include="..\..\..\..\OpenFrameworks\addons\ofxOpenCv\libs\opencv\include\opencv2\imgproc\hal\interface.h">
      <Filter>addons\ofxOpenCv\libs\opencv\include\opencv2\imgproc\hal</Filter>
    </ClInclude>
    <ClInclude Include="..\..\..\..\OpenFrameworks\addons\ofxOpenCv\libs\opencv\include\opencv2\imgproc\hal\hal.hpp">
      <Filter>addons\ofxOpenCv\libs\opencv\include\opencv2\imgproc\hal</Filter>
    </ClInclude>
    <ClInclude Include="..\..\..\..\OpenFrameworks\addons\ofxOpenCv\libs\opencv\include\opencv2\ml\ml.hpp">
      <Filter>addons\ofxOpenCv\libs\opencv\include\opencv2\ml</Filter>
    </ClInclude>
    <ClInclude Include="..\..\..\..\OpenFrameworks\addons\ofxOpenCv\libs\opencv\include\opencv2\ml\ml.inl.hpp">
      <Filter>addons\ofxOpenCv\libs\opencv\include\opencv2\ml</Filter>
    </ClInclude>
    <ClInclude Include="..\..\..\..\OpenFrameworks\addons\ofxOpenCv\libs\opencv\include\opencv2\objdetect\detection_based_tracker.hpp">
      <Filter>addons\ofxOpenCv\libs\opencv\include\opencv2\objdetect</Filter>
    </ClInclude>
    <ClInclude Include="..\..\..\..\OpenFrameworks\addons\ofxOpenCv\libs\opencv\include\opencv2\objdetect\objdetect.hpp">
      <Filter>addons\ofxOpenCv\libs\opencv\include\opencv2\objdetect</Filter>
    </ClInclude>
    <ClInclude Include="..\..\..\..\OpenFrameworks\addons\ofxOpenCv\libs\opencv\include\opencv2\photo\cuda.hpp">
      <Filter>addons\ofxOpenCv\libs\opencv\include\opencv2\photo</Filter>
    </ClInclude>
    <ClInclude Include="..\..\..\..\OpenFrameworks\addons\ofxOpenCv\libs\opencv\include\opencv2\photo\photo.hpp">
      <Filter>addons\ofxOpenCv\libs\opencv\include\opencv2\photo</Filter>
    </ClInclude>
    <ClInclude Include="..\..\..\..\OpenFrameworks\addons\ofxOpenCv\libs\opencv\include\opencv2\photo\legacy\constants_c.h">
      <Filter>addons\ofxOpenCv\libs\opencv\include\opencv2\photo\legacy</Filter>
    </ClInclude>
    <ClInclude Include="..\..\..\..\OpenFrameworks\addons\ofxOpenCv\libs\opencv\include\opencv2\stitching\warpers.hpp">
      <Filter>addons\ofxOpenCv\libs\opencv\include\opencv2\stitching</Filter>
    </ClInclude>
    <ClInclude Include="..\..\..\..\OpenFrameworks\addons\ofxOpenCv\libs\opencv\include\opencv2\stitching\detail\autocalib.hpp">
      <Filter>addons\ofxOpenCv\libs\opencv\include\opencv2\stitching\detail</Filter>
    </ClInclude>
    <ClInclude Include="..\..\..\..\OpenFrameworks\addons\ofxOpenCv\libs\opencv\include\opencv2\stitching\detail\blenders.hpp">
      <Filter>addons\ofxOpenCv\libs\opencv\include\opencv2\stitching\detail</Filter>
    </ClInclude>
    <ClInclude Include="..\..\..\..\OpenFrameworks\addons\ofxOpenCv\libs\opencv\include\opencv2\stitching\detail\camera.hpp">
      <Filter>addons\ofxOpenCv\libs\opencv\include\opencv2\stitching\detail</Filter>
    </ClInclude>
    <ClInclude Include="..\..\..\..\OpenFrameworks\addons\ofxOpenCv\libs\opencv\include\opencv2\stitching\detail\exposure_compensate.hpp">
      <Filter>addons\ofxOpenCv\libs\opencv\include\opencv2\stitching\detail</Filter>
    </ClInclude>
    <ClInclude Include="..\..\..\..\OpenFrameworks\addons\ofxOpenCv\libs\opencv\include\opencv2\stitching\detail\matchers.hpp">
      <Filter>addons\ofxOpenCv\libs\opencv\include\opencv2\stitching\detail</Filter>
    </ClInclude>
    <ClInclude Include="..\..\..\..\OpenFrameworks\addons\ofxOpenCv\libs\opencv\include\opencv2\stitching\detail\motion_estimators.hpp">
      <Filter>addons\ofxOpenCv\libs\opencv\include\opencv2\stitching\detail</Filter>
    </ClInclude>
    <ClInclude Include="..\..\..\..\OpenFrameworks\addons\ofxOpenCv\libs\opencv\include\opencv2\stitching\detail\seam_finders.hpp">
      <Filter>addons\ofxOpenCv\libs\opencv\include\opencv2\stitching\detail</Filter>
    </ClInclude>
    <ClInclude Include="..\..\..\..\OpenFrameworks\addons\ofxOpenCv\libs\opencv\include\opencv2\stitching\detail\timelapsers.hpp">
      <Filter>addons\ofxOpenCv\libs\opencv\include\opencv2\stitching\detail</Filter>
    </ClInclude>
    <ClInclude Include="..\..\..\..\OpenFrameworks\addons\ofxOpenCv\libs\opencv\include\opencv2\stitching\detail\util.hpp">
      <Filter>addons\ofxOpenCv\libs\opencv\include\opencv2\stitching\detail</Filter>
    </ClInclude>
    <ClInclude Include="..\..\..\..\OpenFrameworks\addons\ofxOpenCv\libs\opencv\include\opencv2\stitching\detail\util_inl.hpp">
      <Filter>addons\ofxOpenCv\libs\opencv\include\opencv2\stitching\detail</Filter>
    </ClInclude>
    <ClInclude Include="..\..\..\..\OpenFrameworks\addons\ofxOpenCv\libs\opencv\include\opencv2\stitching\detail\warpers.hpp">
      <Filter>addons\ofxOpenCv\libs\opencv\include\opencv2\stitching\detail</Filter>
    </ClInclude>
    <ClInclude Include="..\..\..\..\OpenFrameworks\addons\ofxOpenCv\libs\opencv\include\opencv2\stitching\detail\warpers_inl.hpp">
      <Filter>addons\ofxOpenCv\libs\opencv\include\opencv2\stitching\detail</Filter>
    </ClInclude>
    <ClInclude Include="..\..\..\..\OpenFrameworks\addons\ofxOpenCv\libs\opencv\include\opencv2\ts\ts_gtest.h">
      <Filter>addons\ofxOpenCv\libs\opencv\include\opencv2\ts</Filter>
    </ClInclude>
    <ClInclude Include="..\..\..\..\OpenFrameworks\addons\ofxOpenCv\libs\opencv\include\opencv2\ts\cuda_perf.hpp">
      <Filter>addons\ofxOpenCv\libs\opencv\include\opencv2\ts</Filter>
    </ClInclude>
    <ClInclude Include="..\..\..\..\OpenFrameworks\addons\ofxOpenCv\libs\opencv\include\opencv2\ts\cuda_test.hpp">
      <Filter>addons\ofxOpenCv\libs\opencv\include\opencv2\ts</Filter>
    </ClInclude>
    <ClInclude Include="..\..\..\..\OpenFrameworks\addons\ofxOpenCv\libs\opencv\include\opencv2\ts\ocl_perf.hpp">
      <Filter>addons\ofxOpenCv\libs\opencv\include\opencv2\ts</Filter>
    </ClInclude>
    <ClInclude Include="..\..\..\..\OpenFrameworks\addons\ofxOpenCv\libs\opencv\include\opencv2\ts\ocl_test.hpp">
      <Filter>addons\ofxOpenCv\libs\opencv\include\opencv2\ts</Filter>
    </ClInclude>
    <ClInclude Include="..\..\..\..\OpenFrameworks\addons\ofxOpenCv\libs\opencv\include\opencv2\ts\ts_ext.hpp">
      <Filter>addons\ofxOpenCv\libs\opencv\include\opencv2\ts</Filter>
    </ClInclude>
    <ClInclude Include="..\..\..\..\OpenFrameworks\addons\ofxOpenCv\libs\opencv\include\opencv2\ts\ts_perf.hpp">
      <Filter>addons\ofxOpenCv\libs\opencv\include\opencv2\ts</Filter>
    </ClInclude>
    <ClInclude Include="..\..\..\..\OpenFrameworks\addons\ofxOpenCv\libs\opencv\include\opencv2\video\background_segm.hpp">
      <Filter>addons\ofxOpenCv\libs\opencv\include\opencv2\video</Filter>
    </ClInclude>
    <ClInclude Include="..\..\..\..\OpenFrameworks\addons\ofxOpenCv\libs\opencv\include\opencv2\video\tracking.hpp">
      <Filter>addons\ofxOpenCv\libs\opencv\include\opencv2\video</Filter>
    </ClInclude>
    <ClInclude Include="..\..\..\..\OpenFrameworks\addons\ofxOpenCv\libs\opencv\include\opencv2\video\video.hpp">
      <Filter>addons\ofxOpenCv\libs\opencv\include\opencv2\video</Filter>
    </ClInclude>
    <ClInclude Include="..\..\..\..\OpenFrameworks\addons\ofxOpenCv\libs\opencv\include\opencv2\video\legacy\constants_c.h">
      <Filter>addons\ofxOpenCv\libs\opencv\include\opencv2\video\legacy</Filter>
    </ClInclude>
    <ClInclude Include="..\..\..\..\OpenFrameworks\addons\ofxOpenCv\libs\opencv\include\opencv2\videoio\cap_ios.h">
      <Filter>addons\ofxOpenCv\libs\opencv\include\opencv2\videoio</Filter>
    </ClInclude>
    <ClInclude Include="..\..\..\..\OpenFrameworks\addons\ofxOpenCv\libs\opencv\include\opencv2\videoio\videoio_c.h">
      <Filter>addons\ofxOpenCv\libs\opencv\include\opencv2\videoio</Filter>
    </ClInclude>
    <ClInclude Include="..\..\..\..\OpenFrameworks\addons\ofxOpenCv\libs\opencv\include\opencv2\videoio\cap_winrt.hpp">
      <Filter>addons\ofxOpenCv\libs\opencv\include\opencv2\videoio</Filter>
    </ClInclude>
    <ClInclude Include="..\..\..\..\OpenFrameworks\addons\ofxOpenCv\libs\opencv\include\opencv2\videoio\container_avi.private.hpp">
      <Filter>addons\ofxOpenCv\libs\opencv\include\opencv2\videoio</Filter>
    </ClInclude>
    <ClInclude Include="..\..\..\..\OpenFrameworks\addons\ofxOpenCv\libs\opencv\include\opencv2\videoio\registry.hpp">
      <Filter>addons\ofxOpenCv\libs\opencv\include\opencv2\videoio</Filter>
    </ClInclude>
    <ClInclude Include="..\..\..\..\OpenFrameworks\addons\ofxOpenCv\libs\opencv\include\opencv2\videoio\videoio.hpp">
      <Filter>addons\ofxOpenCv\libs\opencv\include\opencv2\videoio</Filter>
    </ClInclude>
    <ClInclude Include="..\..\..\..\OpenFrameworks\addons\ofxOpenCv\libs\opencv\include\opencv2\videoio\legacy\constants_c.h">
      <Filter>addons\ofxOpenCv\libs\opencv\include\opencv2\videoio\legacy</Filter>
    </ClInclude>
  </ItemGroup>
  <ItemGroup>
    <ResourceCompile Include="icon.rc" />
  </ItemGroup>
  <ItemGroup>
    <None Include="addons.make" />
    <None Include="bin\data\shader.frag" />
    <None Include="bin\data\shader.vert" />
  </ItemGroup>
  <ItemGroup>
    <Font Include="bin\data\msgothic.ttf" />
  </ItemGroup>
  <ItemGroup>
    <Media Include="bin\data\party time_04.wav" />
  </ItemGroup>
</Project>